
Microsoft Visual Studio Solution File, Format Version 12.00
# Visual Studio Version 17
VisualStudioVersion = 17.0.31903.59
MinimumVisualStudioVersion = 10.0.40219.1
Project("{2150E333-8FDC-42A3-9474-1A3956D46DE8}") = "src", "src", "{827E0CD3-B72D-47B6-A68D-7590B98EB39B}"
EndProject
Project("{FAE04EC0-301F-11D3-BF4B-00C04F79EFBC}") = "SecuIntegrator26.API", "src\SecuIntegrator26.API\SecuIntegrator26.API.csproj", "{0F923F98-E619-46E1-B14B-0B1B06EA2F59}"
EndProject
Project("{FAE04EC0-301F-11D3-BF4B-00C04F79EFBC}") = "SecuIntegrator26.Core", "src\SecuIntegrator26.Core\SecuIntegrator26.Core.csproj", "{F39662F8-ACDE-4202-A78E-4818399311AD}"
EndProject
Project("{FAE04EC0-301F-11D3-BF4B-00C04F79EFBC}") = "SecuIntegrator26.Infrastructure", "src\SecuIntegrator26.Infrastructure\SecuIntegrator26.Infrastructure.csproj", "{E4002811-BF16-487C-9AB3-F9F624688F58}"
EndProject
Project("{FAE04EC0-301F-11D3-BF4B-00C04F79EFBC}") = "SecuIntegrator26.Services", "src\SecuIntegrator26.Services\SecuIntegrator26.Services.csproj", "{E8905308-9BBB-49CC-8832-536DFF98EC01}"
EndProject
Project("{FAE04EC0-301F-11D3-BF4B-00C04F79EFBC}") = "SecuIntegrator26.Shared", "src\SecuIntegrator26.Shared\SecuIntegrator26.Shared.csproj", "{872B9AC5-4798-409E-83C1-2CAA8EF3BF14}"
EndProject
Project("{2150E333-8FDC-42A3-9474-1A3956D46DE8}") = "test", "test", "{0C88DD14-F956-CE84-757C-A364CCF449FC}"
EndProject
Project("{FAE04EC0-301F-11D3-BF4B-00C04F79EFBC}") = "SecuIntegrator26.Tests", "test\SecuIntegrator26.Tests\SecuIntegrator26.Tests.csproj", "{02E695AA-48FC-4B0F-9854-FCF38F7BEB51}"
EndProject
Project("{FAE04EC0-301F-11D3-BF4B-00C04F79EFBC}") = "SecuIntegrator26.PlaywrightWorker", "src\SecuIntegrator26.PlaywrightWorker\SecuIntegrator26.PlaywrightWorker.csproj", "{FD591FC2-A9A7-4F46-9CE1-E1559ED85A96}"
EndProject
Global
	GlobalSection(SolutionConfigurationPlatforms) = preSolution
		Debug|Any CPU = Debug|Any CPU
		Debug|x64 = Debug|x64
		Debug|x86 = Debug|x86
		Release|Any CPU = Release|Any CPU
		Release|x64 = Release|x64
		Release|x86 = Release|x86
	EndGlobalSection
	GlobalSection(ProjectConfigurationPlatforms) = postSolution
		{0F923F98-E619-46E1-B14B-0B1B06EA2F59}.Debug|Any CPU.ActiveCfg = Debug|Any CPU
		{0F923F98-E619-46E1-B14B-0B1B06EA2F59}.Debug|Any CPU.Build.0 = Debug|Any CPU
		{0F923F98-E619-46E1-B14B-0B1B06EA2F59}.Debug|x64.ActiveCfg = Debug|Any CPU
		{0F923F98-E619-46E1-B14B-0B1B06EA2F59}.Debug|x64.Build.0 = Debug|Any CPU
		{0F923F98-E619-46E1-B14B-0B1B06EA2F59}.Debug|x86.ActiveCfg = Debug|Any CPU
		{0F923F98-E619-46E1-B14B-0B1B06EA2F59}.Debug|x86.Build.0 = Debug|Any CPU
		{0F923F98-E619-46E1-B14B-0B1B06EA2F59}.Release|Any CPU.ActiveCfg = Release|Any CPU
		{0F923F98-E619-46E1-B14B-0B1B06EA2F59}.Release|Any CPU.Build.0 = Release|Any CPU
		{0F923F98-E619-46E1-B14B-0B1B06EA2F59}.Release|x64.ActiveCfg = Release|Any CPU
		{0F923F98-E619-46E1-B14B-0B1B06EA2F59}.Release|x64.Build.0 = Release|Any CPU
		{0F923F98-E619-46E1-B14B-0B1B06EA2F59}.Release|x86.ActiveCfg = Release|Any CPU
		{0F923F98-E619-46E1-B14B-0B1B06EA2F59}.Release|x86.Build.0 = Release|Any CPU
		{F39662F8-ACDE-4202-A78E-4818399311AD}.Debug|Any CPU.ActiveCfg = Debug|Any CPU
		{F39662F8-ACDE-4202-A78E-4818399311AD}.Debug|Any CPU.Build.0 = Debug|Any CPU
		{F39662F8-ACDE-4202-A78E-4818399311AD}.Debug|x64.ActiveCfg = Debug|Any CPU
		{F39662F8-ACDE-4202-A78E-4818399311AD}.Debug|x64.Build.0 = Debug|Any CPU
		{F39662F8-ACDE-4202-A78E-4818399311AD}.Debug|x86.ActiveCfg = Debug|Any CPU
		{F39662F8-ACDE-4202-A78E-4818399311AD}.Debug|x86.Build.0 = Debug|Any CPU
		{F39662F8-ACDE-4202-A78E-4818399311AD}.Release|Any CPU.ActiveCfg = Release|Any CPU
		{F39662F8-ACDE-4202-A78E-4818399311AD}.Release|Any CPU.Build.0 = Release|Any CPU
		{F39662F8-ACDE-4202-A78E-4818399311AD}.Release|x64.ActiveCfg = Release|Any CPU
		{F39662F8-ACDE-4202-A78E-4818399311AD}.Release|x64.Build.0 = Release|Any CPU
		{F39662F8-ACDE-4202-A78E-4818399311AD}.Release|x86.ActiveCfg = Release|Any CPU
		{F39662F8-ACDE-4202-A78E-4818399311AD}.Release|x86.Build.0 = Release|Any CPU
		{E4002811-BF16-487C-9AB3-F9F624688F58}.Debug|Any CPU.ActiveCfg = Debug|Any CPU
		{E4002811-BF16-487C-9AB3-F9F624688F58}.Debug|Any CPU.Build.0 = Debug|Any CPU
		{E4002811-BF16-487C-9AB3-F9F624688F58}.Debug|x64.ActiveCfg = Debug|Any CPU
		{E4002811-BF16-487C-9AB3-F9F624688F58}.Debug|x64.Build.0 = Debug|Any CPU
		{E4002811-BF16-487C-9AB3-F9F624688F58}.Debug|x86.ActiveCfg = Debug|Any CPU
		{E4002811-BF16-487C-9AB3-F9F624688F58}.Debug|x86.Build.0 = Debug|Any CPU
		{E4002811-BF16-487C-9AB3-F9F624688F58}.Release|Any CPU.ActiveCfg = Release|Any CPU
		{E4002811-BF16-487C-9AB3-F9F624688F58}.Release|Any CPU.Build.0 = Release|Any CPU
		{E4002811-BF16-487C-9AB3-F9F624688F58}.Release|x64.ActiveCfg = Release|Any CPU
		{E4002811-BF16-487C-9AB3-F9F624688F58}.Release|x64.Build.0 = Release|Any CPU
		{E4002811-BF16-487C-9AB3-F9F624688F58}.Release|x86.ActiveCfg = Release|Any CPU
		{E4002811-BF16-487C-9AB3-F9F624688F58}.Release|x86.Build.0 = Release|Any CPU
		{E8905308-9BBB-49CC-8832-536DFF98EC01}.Debug|Any CPU.ActiveCfg = Debug|Any CPU
		{E8905308-9BBB-49CC-8832-536DFF98EC01}.Debug|Any CPU.Build.0 = Debug|Any CPU
		{E8905308-9BBB-49CC-8832-536DFF98EC01}.Debug|x64.ActiveCfg = Debug|Any CPU
		{E8905308-9BBB-49CC-8832-536DFF98EC01}.Debug|x64.Build.0 = Debug|Any CPU
		{E8905308-9BBB-49CC-8832-536DFF98EC01}.Debug|x86.ActiveCfg = Debug|Any CPU
		{E8905308-9BBB-49CC-8832-536DFF98EC01}.Debug|x86.Build.0 = Debug|Any CPU
		{E8905308-9BBB-49CC-8832-536DFF98EC01}.Release|Any CPU.ActiveCfg = Release|Any CPU
		{E8905308-9BBB-49CC-8832-536DFF98EC01}.Release|Any CPU.Build.0 = Release|Any CPU
		{E8905308-9BBB-49CC-8832-536DFF98EC01}.Release|x64.ActiveCfg = Release|Any CPU
		{E8905308-9BBB-49CC-8832-536DFF98EC01}.Release|x64.Build.0 = Release|Any CPU
		{E8905308-9BBB-49CC-8832-536DFF98EC01}.Release|x86.ActiveCfg = Release|Any CPU
		{E8905308-9BBB-49CC-8832-536DFF98EC01}.Release|x86.Build.0 = Release|Any CPU
		{872B9AC5-4798-409E-83C1-2CAA8EF3BF14}.Debug|Any CPU.ActiveCfg = Debug|Any CPU
		{872B9AC5-4798-409E-83C1-2CAA8EF3BF14}.Debug|Any CPU.Build.0 = Debug|Any CPU
		{872B9AC5-4798-409E-83C1-2CAA8EF3BF14}.Debug|x64.ActiveCfg = Debug|Any CPU
		{872B9AC5-4798-409E-83C1-2CAA8EF3BF14}.Debug|x64.Build.0 = Debug|Any CPU
		{872B9AC5-4798-409E-83C1-2CAA8EF3BF14}.Debug|x86.ActiveCfg = Debug|Any CPU
		{872B9AC5-4798-409E-83C1-2CAA8EF3BF14}.Debug|x86.Build.0 = Debug|Any CPU
		{872B9AC5-4798-409E-83C1-2CAA8EF3BF14}.Release|Any CPU.ActiveCfg = Release|Any CPU
		{872B9AC5-4798-409E-83C1-2CAA8EF3BF14}.Release|Any CPU.Build.0 = Release|Any CPU
		{872B9AC5-4798-409E-83C1-2CAA8EF3BF14}.Release|x64.ActiveCfg = Release|Any CPU
		{872B9AC5-4798-409E-83C1-2CAA8EF3BF14}.Release|x64.Build.0 = Release|Any CPU
		{872B9AC5-4798-409E-83C1-2CAA8EF3BF14}.Release|x86.ActiveCfg = Release|Any CPU
		{872B9AC5-4798-409E-83C1-2CAA8EF3BF14}.Release|x86.Build.0 = Release|Any CPU
		{02E695AA-48FC-4B0F-9854-FCF38F7BEB51}.Debug|Any CPU.ActiveCfg = Debug|Any CPU
		{02E695AA-48FC-4B0F-9854-FCF38F7BEB51}.Debug|Any CPU.Build.0 = Debug|Any CPU
		{02E695AA-48FC-4B0F-9854-FCF38F7BEB51}.Debug|x64.ActiveCfg = Debug|Any CPU
		{02E695AA-48FC-4B0F-9854-FCF38F7BEB51}.Debug|x64.Build.0 = Debug|Any CPU
		{02E695AA-48FC-4B0F-9854-FCF38F7BEB51}.Debug|x86.ActiveCfg = Debug|Any CPU
		{02E695AA-48FC-4B0F-9854-FCF38F7BEB51}.Debug|x86.Build.0 = Debug|Any CPU
		{02E695AA-48FC-4B0F-9854-FCF38F7BEB51}.Release|Any CPU.ActiveCfg = Release|Any CPU
		{02E695AA-48FC-4B0F-9854-FCF38F7BEB51}.Release|Any CPU.Build.0 = Release|Any CPU
		{02E695AA-48FC-4B0F-9854-FCF38F7BEB51}.Release|x64.ActiveCfg = Release|Any CPU
		{02E695AA-48FC-4B0F-9854-FCF38F7BEB51}.Release|x64.Build.0 = Release|Any CPU
		{02E695AA-48FC-4B0F-9854-FCF38F7BEB51}.Release|x86.ActiveCfg = Release|Any CPU
		{02E695AA-48FC-4B0F-9854-FCF38F7BEB51}.Release|x86.Build.0 = Release|Any CPU
		{FD591FC2-A9A7-4F46-9CE1-E1559ED85A96}.Debug|Any CPU.ActiveCfg = Debug|Any CPU
		{FD591FC2-A9A7-4F46-9CE1-E1559ED85A96}.Debug|Any CPU.Build.0 = Debug|Any CPU
		{FD591FC2-A9A7-4F46-9CE1-E1559ED85A96}.Debug|x64.ActiveCfg = Debug|Any CPU
		{FD591FC2-A9A7-4F46-9CE1-E1559ED85A96}.Debug|x64.Build.0 = Debug|Any CPU
		{FD591FC2-A9A7-4F46-9CE1-E1559ED85A96}.Debug|x86.ActiveCfg = Debug|Any CPU
		{FD591FC2-A9A7-4F46-9CE1-E1559ED85A96}.Debug|x86.Build.0 = Debug|Any CPU
		{FD591FC2-A9A7-4F46-9CE1-E1559ED85A96}.Release|Any CPU.ActiveCfg = Release|Any CPU
		{FD591FC2-A9A7-4F46-9CE1-E1559ED85A96}.Release|Any CPU.Build.0 = Release|Any CPU
		{FD591FC2-A9A7-4F46-9CE1-E1559ED85A96}.Release|x64.ActiveCfg = Release|Any CPU
		{FD591FC2-A9A7-4F46-9CE1-E1559ED85A96}.Release|x64.Build.0 = Release|Any CPU
		{FD591FC2-A9A7-4F46-9CE1-E1559ED85A96}.Release|x86.ActiveCfg = Release|Any CPU
		{FD591FC2-A9A7-4F46-9CE1-E1559ED85A96}.Release|x86.Build.0 = Release|Any CPU
	EndGlobalSection
	GlobalSection(SolutionProperties) = preSolution
		HideSolutionNode = FALSE
	EndGlobalSection
	GlobalSection(NestedProjects) = preSolution
		{0F923F98-E619-46E1-B14B-0B1B06EA2F59} = {827E0CD3-B72D-47B6-A68D-7590B98EB39B}
		{F39662F8-ACDE-4202-A78E-4818399311AD} = {827E0CD3-B72D-47B6-A68D-7590B98EB39B}
		{E4002811-BF16-487C-9AB3-F9F624688F58} = {827E0CD3-B72D-47B6-A68D-7590B98EB39B}
		{E8905308-9BBB-49CC-8832-536DFF98EC01} = {827E0CD3-B72D-47B6-A68D-7590B98EB39B}
		{872B9AC5-4798-409E-83C1-2CAA8EF3BF14} = {827E0CD3-B72D-47B6-A68D-7590B98EB39B}
		{02E695AA-48FC-4B0F-9854-FCF38F7BEB51} = {0C88DD14-F956-CE84-757C-A364CCF449FC}
		{FD591FC2-A9A7-4F46-9CE1-E1559ED85A96} = {827E0CD3-B72D-47B6-A68D-7590B98EB39B}
	EndGlobalSection
EndGlobal
